
Microsoft Visual Studio Solution File, Format Version 12.00
# Visual Studio Version 17
VisualStudioVersion = 17.6.33723.286
MinimumVisualStudioVersion = 10.0.40219.1
Project("{FAE04EC0-301F-11D3-BF4B-00C04F79EFBC}") = "ModeloAnemico", "ModeloAnemico\ModeloAnemico.csproj", "{18A2D86B-0013-4F9A-98DC-C13DD97413A3}"
EndProject
Global
	GlobalSection(SolutionConfigurationPlatforms) = preSolution
		Debug|Any CPU = Debug|Any CPU
		Release|Any CPU = Release|Any CPU
	EndGlobalSection
	GlobalSection(ProjectConfigurationPlatforms) = postSolution
		{18A2D86B-0013-4F9A-98DC-C13DD97413A3}.Debug|Any CPU.ActiveCfg = Debug|Any CPU
		{18A2D86B-0013-4F9A-98DC-C13DD97413A3}.Debug|Any CPU.Build.0 = Debug|Any CPU
		{18A2D86B-0013-4F9A-98DC-C13DD97413A3}.Release|Any CPU.ActiveCfg = Release|Any CPU
		{18A2D86B-0013-4F9A-98DC-C13DD97413A3}.Release|Any CPU.Build.0 = Release|Any CPU
	EndGlobalSection
	GlobalSection(SolutionProperties) = preSolution
		HideSolutionNode = FALSE
	EndGlobalSection
	GlobalSection(ExtensibilityGlobals) = postSolution
		SolutionGuid = {D4B3B07D-DD3D-4E94-AB01-3CD1C4EAA331}
	EndGlobalSection
EndGlobal
